// !$*UTF8*$!
{
	archiveVersion = 1;
	classes = {
	};
	objectVersion = 55;
	objects = {

/* Begin PBXBuildFile section */
		B8148DAD28CFC28E0005C370 /* countries.json in Resources */ = {isa = PBXBuildFile; fileRef = B8148DAC28CFC28D0005C370 /* countries.json */; };
		B81994FE28CF4D6400CAB40D /* Countries.swift in Sources */ = {isa = PBXBuildFile; fileRef = B81994FD28CF4D6400CAB40D /* Countries.swift */; };
		B8D85B4828C62FCD00EFA18C /* AppDelegate.swift in Sources */ = {isa = PBXBuildFile; fileRef = B8D85B4728C62FCD00EFA18C /* AppDelegate.swift */; };
		B8D85B4A28C62FCD00EFA18C /* SceneDelegate.swift in Sources */ = {isa = PBXBuildFile; fileRef = B8D85B4928C62FCD00EFA18C /* SceneDelegate.swift */; };
		B8D85B4C28C62FCD00EFA18C /* ViewController.swift in Sources */ = {isa = PBXBuildFile; fileRef = B8D85B4B28C62FCD00EFA18C /* ViewController.swift */; };
		B8D85B4F28C62FCD00EFA18C /* Main.storyboard in Resources */ = {isa = PBXBuildFile; fileRef = B8D85B4D28C62FCD00EFA18C /* Main.storyboard */; };
		B8D85B5128C62FD200EFA18C /* Assets.xcassets in Resources */ = {isa = PBXBuildFile; fileRef = B8D85B5028C62FD200EFA18C /* Assets.xcassets */; };
		B8D85B5428C62FD200EFA18C /* LaunchScreen.storyboard in Resources */ = {isa = PBXBuildFile; fileRef = B8D85B5228C62FD200EFA18C /* LaunchScreen.storyboard */; };
		B8D85B5E28C634BE00EFA18C /* Country.swift in Sources */ = {isa = PBXBuildFile; fileRef = B8D85B5D28C634BE00EFA18C /* Country.swift */; };
		B8D85B6028C636C800EFA18C /* DetailViewController.swift in Sources */ = {isa = PBXBuildFile; fileRef = B8D85B5F28C636C800EFA18C /* DetailViewController.swift */; };
		B8EE147728D3410D0072CF43 /* CountryCell.swift in Sources */ = {isa = PBXBuildFile; fileRef = B8EE147628D3410D0072CF43 /* CountryCell.swift */; };
/* End PBXBuildFile section */

/* Begin PBXFileReference section */
		B8148DAC28CFC28D0005C370 /* countries.json */ = {isa = PBXFileReference; fileEncoding = 4; lastKnownFileType = text.json; path = countries.json; sourceTree = "<group>"; };
		B81994FD28CF4D6400CAB40D /* Countries.swift */ = {isa = PBXFileReference; lastKnownFileType = sourcecode.swift; path = Countries.swift; sourceTree = "<group>"; };
		B8D85B4428C62FCD00EFA18C /* Consolidation_6-Country_Guide.app */ = {isa = PBXFileReference; explicitFileType = wrapper.application; includeInIndex = 0; path = "Consolidation_6-Country_Guide.app"; sourceTree = BUILT_PRODUCTS_DIR; };
		B8D85B4728C62FCD00EFA18C /* AppDelegate.swift */ = {isa = PBXFileReference; lastKnownFileType = sourcecode.swift; path = AppDelegate.swift; sourceTree = "<group>"; };
		B8D85B4928C62FCD00EFA18C /* SceneDelegate.swift */ = {isa = PBXFileReference; lastKnownFileType = sourcecode.swift; path = SceneDelegate.swift; sourceTree = "<group>"; };
		B8D85B4B28C62FCD00EFA18C /* ViewController.swift */ = {isa = PBXFileReference; lastKnownFileType = sourcecode.swift; path = ViewController.swift; sourceTree = "<group>"; };
		B8D85B4E28C62FCD00EFA18C /* Base */ = {isa = PBXFileReference; lastKnownFileType = file.storyboard; name = Base; path = Base.lproj/Main.storyboard; sourceTree = "<group>"; };
		B8D85B5028C62FD200EFA18C /* Assets.xcassets */ = {isa = PBXFileReference; lastKnownFileType = folder.assetcatalog; path = Assets.xcassets; sourceTree = "<group>"; };
		B8D85B5328C62FD200EFA18C /* Base */ = {isa = PBXFileReference; lastKnownFileType = file.storyboard; name = Base; path = Base.lproj/LaunchScreen.storyboard; sourceTree = "<group>"; };
		B8D85B5528C62FD200EFA18C /* Info.plist */ = {isa = PBXFileReference; lastKnownFileType = text.plist.xml; path = Info.plist; sourceTree = "<group>"; };
		B8D85B5D28C634BE00EFA18C /* Country.swift */ = {isa = PBXFileReference; lastKnownFileType = sourcecode.swift; path = Country.swift; sourceTree = "<group>"; };
		B8D85B5F28C636C800EFA18C /* DetailViewController.swift */ = {isa = PBXFileReference; lastKnownFileType = sourcecode.swift; path = DetailViewController.swift; sourceTree = "<group>"; };
		B8EE147628D3410D0072CF43 /* CountryCell.swift */ = {isa = PBXFileReference; lastKnownFileType = sourcecode.swift; path = CountryCell.swift; sourceTree = "<group>"; };
/* End PBXFileReference section */

/* Begin PBXFrameworksBuildPhase section */
		B8D85B4128C62FCD00EFA18C /* Frameworks */ = {
			isa = PBXFrameworksBuildPhase;
			buildActionMask = 2147483647;
			files = (
			);
			runOnlyForDeploymentPostprocessing = 0;
		};
/* End PBXFrameworksBuildPhase section */

/* Begin PBXGroup section */
		B8D85B3B28C62FCD00EFA18C = {
			isa = PBXGroup;
			children = (
				B8D85B4628C62FCD00EFA18C /* Consolidation_6-Country_Guide */,
				B8D85B4528C62FCD00EFA18C /* Products */,
			);
			sourceTree = "<group>";
		};
		B8D85B4528C62FCD00EFA18C /* Products */ = {
			isa = PBXGroup;
			children = (
				B8D85B4428C62FCD00EFA18C /* Consolidation_6-Country_Guide.app */,
			);
			name = Products;
			sourceTree = "<group>";
		};
		B8D85B4628C62FCD00EFA18C /* Consolidation_6-Country_Guide */ = {
			isa = PBXGroup;
			children = (
				B8D85B4728C62FCD00EFA18C /* AppDelegate.swift */,
				B8D85B4928C62FCD00EFA18C /* SceneDelegate.swift */,
				B8D85B4B28C62FCD00EFA18C /* ViewController.swift */,
				B8EE147628D3410D0072CF43 /* CountryCell.swift */,
				B8D85B5F28C636C800EFA18C /* DetailViewController.swift */,
				B81994FD28CF4D6400CAB40D /* Countries.swift */,
				B8D85B5D28C634BE00EFA18C /* Country.swift */,
				B8D85B4D28C62FCD00EFA18C /* Main.storyboard */,
				B8D85B5028C62FD200EFA18C /* Assets.xcassets */,
				B8D85B5228C62FD200EFA18C /* LaunchScreen.storyboard */,
				B8D85B5528C62FD200EFA18C /* Info.plist */,
				B8148DAC28CFC28D0005C370 /* countries.json */,
			);
			path = "Consolidation_6-Country_Guide";
			sourceTree = "<group>";
		};
/* End PBXGroup section */

/* Begin PBXNativeTarget section */
		B8D85B4328C62FCD00EFA18C /* Consolidation_6-Country_Guide */ = {
			isa = PBXNativeTarget;
			buildConfigurationList = B8D85B5828C62FD200EFA18C /* Build configuration list for PBXNativeTarget "Consolidation_6-Country_Guide" */;
			buildPhases = (
				B8D85B4028C62FCD00EFA18C /* Sources */,
				B8D85B4128C62FCD00EFA18C /* Frameworks */,
				B8D85B4228C62FCD00EFA18C /* Resources */,
			);
			buildRules = (
			);
			dependencies = (
			);
			name = "Consolidation_6-Country_Guide";
			productName = "Consolidation_6-Country_Guide";
			productReference = B8D85B4428C62FCD00EFA18C /* Consolidation_6-Country_Guide.app */;
			productType = "com.apple.product-type.application";
		};
/* End PBXNativeTarget section */

/* Begin PBXProject section */
		B8D85B3C28C62FCD00EFA18C /* Project object */ = {
			isa = PBXProject;
			attributes = {
				BuildIndependentTargetsInParallel = 1;
				LastSwiftUpdateCheck = 1340;
				LastUpgradeCheck = 1340;
				TargetAttributes = {
					B8D85B4328C62FCD00EFA18C = {
						CreatedOnToolsVersion = 13.4.1;
					};
				};
			};
			buildConfigurationList = B8D85B3F28C62FCD00EFA18C /* Build configuration list for PBXProject "Consolidation_6-Country_Guide" */;
			compatibilityVersion = "Xcode 13.0";
			developmentRegion = en;
			hasScannedForEncodings = 0;
			knownRegions = (
				en,
				Base,
			);
			mainGroup = B8D85B3B28C62FCD00EFA18C;
			productRefGroup = B8D85B4528C62FCD00EFA18C /* Products */;
			projectDirPath = "";
			projectRoot = "";
			targets = (
				B8D85B4328C62FCD00EFA18C /* Consolidation_6-Country_Guide */,
			);
		};
/* End PBXProject section */

/* Begin PBXResourcesBuildPhase section */
		B8D85B4228C62FCD00EFA18C /* Resources */ = {
			isa = PBXResourcesBuildPhase;
			buildActionMask = 2147483647;
			files = (
				B8D85B5428C62FD200EFA18C /* LaunchScreen.storyboard in Resources */,
				B8D85B5128C62FD200EFA18C /* Assets.xcassets in Resources */,
				B8148DAD28CFC28E0005C370 /* countries.json in Resources */,
				B8D85B4F28C62FCD00EFA18C /* Main.storyboard in Resources */,
			);
			runOnlyForDeploymentPostprocessing = 0;
		};
/* End PBXResourcesBuildPhase section */

/* Begin PBXSourcesBuildPhase section */
		B8D85B4028C62FCD00EFA18C /* Sources */ = {
			isa = PBXSourcesBuildPhase;
			buildActionMask = 2147483647;
			files = (
				B8D85B4C28C62FCD00EFA18C /* ViewController.swift in Sources */,
				B8D85B4828C62FCD00EFA18C /* AppDelegate.swift in Sources */,
				B8D85B6028C636C800EFA18C /* DetailViewController.swift in Sources */,
				B8D85B5E28C634BE00EFA18C /* Country.swift in Sources */,
				B81994FE28CF4D6400CAB40D /* Countries.swift in Sources */,
				B8D85B4A28C62FCD00EFA18C /* SceneDelegate.swift in Sources */,
				B8EE147728D3410D0072CF43 /* CountryCell.swift in Sources */,
			);
			runOnlyForDeploymentPostprocessing = 0;
		};
/* End PBXSourcesBuildPhase section */

/* Begin PBXVariantGroup section */
		B8D85B4D28C62FCD00EFA18C /* Main.storyboard */ = {
			isa = PBXVariantGroup;
			children = (
				B8D85B4E28C62FCD00EFA18C /* Base */,
			);
			name = Main.storyboard;
			sourceTree = "<group>";
		};
		B8D85B5228C62FD200EFA18C /* LaunchScreen.storyboard */ = {
			isa = PBXVariantGroup;
			children = (
				B8D85B5328C62FD200EFA18C /* Base */,
			);
			name = LaunchScreen.storyboard;
			sourceTree = "<group>";
		};
/* End PBXVariantGroup section */

/* Begin XCBuildConfiguration section */
		B8D85B5628C62FD200EFA18C /* Debug */ = {
			isa = XCBuildConfiguration;
			buildSettings = {
				ALWAYS_SEARCH_USER_PATHS = NO;
				CLANG_ANALYZER_NONNULL = YES;
				CLANG_ANALYZER_NUMBER_OBJECT_CONVERSION = YES_AGGRESSIVE;
				CLANG_CXX_LANGUAGE_STANDARD = "gnu++17";
				CLANG_ENABLE_MODULES = YES;
				CLANG_ENABLE_OBJC_ARC = YES;
				CLANG_ENABLE_OBJC_WEAK = YES;
				CLANG_WARN_BLOCK_CAPTURE_AUTORELEASING = YES;
				CLANG_WARN_BOOL_CONVERSION = YES;
				CLANG_WARN_COMMA = YES;
				CLANG_WARN_CONSTANT_CONVERSION = YES;
				CLANG_WARN_DEPRECATED_OBJC_IMPLEMENTATIONS = YES;
				CLANG_WARN_DIRECT_OBJC_ISA_USAGE = YES_ERROR;
				CLANG_WARN_DOCUMENTATION_COMMENTS = YES;
				CLANG_WARN_EMPTY_BODY = YES;
				CLANG_WARN_ENUM_CONVERSION = YES;
				CLANG_WARN_INFINITE_RECURSION = YES;
				CLANG_WARN_INT_CONVERSION = YES;
				CLANG_WARN_NON_LITERAL_NULL_CONVERSION = YES;
				CLANG_WARN_OBJC_IMPLICIT_RETAIN_SELF = YES;
				CLANG_WARN_OBJC_LITERAL_CONVERSION = YES;
				CLANG_WARN_OBJC_ROOT_CLASS = YES_ERROR;
				CLANG_WARN_QUOTED_INCLUDE_IN_FRAMEWORK_HEADER = YES;
				CLANG_WARN_RANGE_LOOP_ANALYSIS = YES;
				CLANG_WARN_STRICT_PROTOTYPES = YES;
				CLANG_WARN_SUSPICIOUS_MOVE = YES;
				CLANG_WARN_UNGUARDED_AVAILABILITY = YES_AGGRESSIVE;
				CLANG_WARN_UNREACHABLE_CODE = YES;
				CLANG_WARN__DUPLICATE_METHOD_MATCH = YES;
				COPY_PHASE_STRIP = NO;
				DEBUG_INFORMATION_FORMAT = dwarf;
				ENABLE_STRICT_OBJC_MSGSEND = YES;
				ENABLE_TESTABILITY = YES;
				GCC_C_LANGUAGE_STANDARD = gnu11;
				GCC_DYNAMIC_NO_PIC = NO;
				GCC_NO_COMMON_BLOCKS = YES;
				GCC_OPTIMIZATION_LEVEL = 0;
				GCC_PREPROCESSOR_DEFINITIONS = (
					"DEBUG=1",
					"$(inherited)",
				);
				GCC_WARN_64_TO_32_BIT_CONVERSION = YES;
				GCC_WARN_ABOUT_RETURN_TYPE = YES_ERROR;
				GCC_WARN_UNDECLARED_SELECTOR = YES;
				GCC_WARN_UNINITIALIZED_AUTOS = YES_AGGRESSIVE;
				GCC_WARN_UNUSED_FUNCTION = YES;
				GCC_WARN_UNUSED_VARIABLE = YES;
				IPHONEOS_DEPLOYMENT_TARGET = 15.5;
				MTL_ENABLE_DEBUG_INFO = INCLUDE_SOURCE;
				MTL_FAST_MATH = YES;
				ONLY_ACTIVE_ARCH = YES;
				SDKROOT = iphoneos;
				SWIFT_ACTIVE_COMPILATION_CONDITIONS = DEBUG;
				SWIFT_OPTIMIZATION_LEVEL = "-Onone";
			};
			name = Debug;
		};
		B8D85B5728C62FD200EFA18C /* Release */ = {
			isa = XCBuildConfiguration;
			buildSettings = {
				ALWAYS_SEARCH_USER_PATHS = NO;
				CLANG_ANALYZER_NONNULL = YES;
				CLANG_ANALYZER_NUMBER_OBJECT_CONVERSION = YES_AGGRESSIVE;
				CLANG_CXX_LANGUAGE_STANDARD = "gnu++17";
				CLANG_ENABLE_MODULES = YES;
				CLANG_ENABLE_OBJC_ARC = YES;
				CLANG_ENABLE_OBJC_WEAK = YES;
				CLANG_WARN_BLOCK_CAPTURE_AUTORELEASING = YES;
				CLANG_WARN_BOOL_CONVERSION = YES;
				CLANG_WARN_COMMA = YES;
				CLANG_WARN_CONSTANT_CONVERSION = YES;
				CLANG_WARN_DEPRECATED_OBJC_IMPLEMENTATIONS = YES;
				CLANG_WARN_DIRECT_OBJC_ISA_USAGE = YES_ERROR;
				CLANG_WARN_DOCUMENTATION_COMMENTS = YES;
				CLANG_WARN_EMPTY_BODY = YES;
				CLANG_WARN_ENUM_CONVERSION = YES;
				CLANG_WARN_INFINITE_RECURSION = YES;
				CLANG_WARN_INT_CONVERSION = YES;
				CLANG_WARN_NON_LITERAL_NULL_CONVERSION = YES;
				CLANG_WARN_OBJC_IMPLICIT_RETAIN_SELF = YES;
				CLANG_WARN_OBJC_LITERAL_CONVERSION = YES;
				CLANG_WARN_OBJC_ROOT_CLASS = YES_ERROR;
				CLANG_WARN_QUOTED_INCLUDE_IN_FRAMEWORK_HEADER = YES;
				CLANG_WARN_RANGE_LOOP_ANALYSIS = YES;
				CLANG_WARN_STRICT_PROTOTYPES = YES;
				CLANG_WARN_SUSPICIOUS_MOVE = YES;
				CLANG_WARN_UNGUARDED_AVAILABILITY = YES_AGGRESSIVE;
				CLANG_WARN_UNREACHABLE_CODE = YES;
				CLANG_WARN__DUPLICATE_METHOD_MATCH = YES;
				COPY_PHASE_STRIP = NO;
				DEBUG_INFORMATION_FORMAT = "dwarf-with-dsym";
				ENABLE_NS_ASSERTIONS = NO;
				ENABLE_STRICT_OBJC_MSGSEND = YES;
				GCC_C_LANGUAGE_STANDARD = gnu11;
				GCC_NO_COMMON_BLOCKS = YES;
				GCC_WARN_64_TO_32_BIT_CONVERSION = YES;
				GCC_WARN_ABOUT_RETURN_TYPE = YES_ERROR;
				GCC_WARN_UNDECLARED_SELECTOR = YES;
				GCC_WARN_UNINITIALIZED_AUTOS = YES_AGGRESSIVE;
				GCC_WARN_UNUSED_FUNCTION = YES;
				GCC_WARN_UNUSED_VARIABLE = YES;
				IPHONEOS_DEPLOYMENT_TARGET = 15.5;
				MTL_ENABLE_DEBUG_INFO = NO;
				MTL_FAST_MATH = YES;
				SDKROOT = iphoneos;
				SWIFT_COMPILATION_MODE = wholemodule;
				SWIFT_OPTIMIZATION_LEVEL = "-O";
				VALIDATE_PRODUCT = YES;
			};
			name = Release;
		};
		B8D85B5928C62FD200EFA18C /* Debug */ = {
			isa = XCBuildConfiguration;
			buildSettings = {
				ASSETCATALOG_COMPILER_APPICON_NAME = AppIcon;
				ASSETCATALOG_COMPILER_GLOBAL_ACCENT_COLOR_NAME = AccentColor;
				CODE_SIGN_STYLE = Automatic;
				CURRENT_PROJECT_VERSION = 1;
				DEVELOPMENT_TEAM = 8X7MLERU8X;
				GENERATE_INFOPLIST_FILE = YES;
				INFOPLIST_FILE = "Consolidation_6-Country_Guide/Info.plist";
				INFOPLIST_KEY_UIApplicationSupportsIndirectInputEvents = YES;
				INFOPLIST_KEY_UILaunchStoryboardName = LaunchScreen;
				INFOPLIST_KEY_UIMainStoryboardFile = Main;
				INFOPLIST_KEY_UISupportedInterfaceOrientations = UIInterfaceOrientationPortrait;
				INFOPLIST_KEY_UISupportedInterfaceOrientations_iPad = "UIInterfaceOrientationPortrait UIInterfaceOrientationPortraitUpsideDown UIInterfaceOrientationLandscapeLeft UIInterfaceOrientationLandscapeRight";
				INFOPLIST_KEY_UISupportedInterfaceOrientations_iPhone = "UIInterfaceOrientationPortrait UIInterfaceOrientationLandscapeLeft UIInterfaceOrientationLandscapeRight";
				LD_RUNPATH_SEARCH_PATHS = (
					"$(inherited)",
					"@executable_path/Frameworks",
				);
				MARKETING_VERSION = 1.0;
				PRODUCT_BUNDLE_IDENTIFIER = "EPJr.Consolidation-6-Country-Guide";
				PRODUCT_NAME = "$(TARGET_NAME)";
				SWIFT_EMIT_LOC_STRINGS = YES;
				SWIFT_VERSION = 5.0;
				TARGETED_DEVICE_FAMILY = 1;
			};
			name = Debug;
		};
		B8D85B5A28C62FD200EFA18C /* Release */ = {
			isa = XCBuildConfiguration;
			buildSettings = {
				ASSETCATALOG_COMPILER_APPICON_NAME = AppIcon;
				ASSETCATALOG_COMPILER_GLOBAL_ACCENT_COLOR_NAME = AccentColor;
				CODE_SIGN_STYLE = Automatic;
				CURRENT_PROJECT_VERSION = 1;
				DEVELOPMENT_TEAM = 8X7MLERU8X;
				GENERATE_INFOPLIST_FILE = YES;
				INFOPLIST_FILE = "Consolidation_6-Country_Guide/Info.plist";
				INFOPLIST_KEY_UIApplicationSupportsIndirectInputEvents = YES;
				INFOPLIST_KEY_UILaunchStoryboardName = LaunchScreen;
				INFOPLIST_KEY_UIMainStoryboardFile = Main;
				INFOPLIST_KEY_UISupportedInterfaceOrientations = UIInterfaceOrientationPortrait;
				INFOPLIST_KEY_UISupportedInterfaceOrientations_iPad = "UIInterfaceOrientationPortrait UIInterfaceOrientationPortraitUpsideDown UIInterfaceOrientationLandscapeLeft UIInterfaceOrientationLandscapeRight";
				INFOPLIST_KEY_UISupportedInterfaceOrientations_iPhone = "UIInterfaceOrientationPortrait UIInterfaceOrientationLandscapeLeft UIInterfaceOrientationLandscapeRight";
				LD_RUNPATH_SEARCH_PATHS = (
					"$(inherited)",
					"@executable_path/Frameworks",
				);
				MARKETING_VERSION = 1.0;
				PRODUCT_BUNDLE_IDENTIFIER = "EPJr.Consolidation-6-Country-Guide";
				PRODUCT_NAME = "$(TARGET_NAME)";
				SWIFT_EMIT_LOC_STRINGS = YES;
				SWIFT_VERSION = 5.0;
				TARGETED_DEVICE_FAMILY = 1;
			};
			name = Release;
		};
/* End XCBuildConfiguration section */

/* Begin XCConfigurationList section */
		B8D85B3F28C62FCD00EFA18C /* Build configuration list for PBXProject "Consolidation_6-Country_Guide" */ = {
			isa = XCConfigurationList;
			buildConfigurations = (
				B8D85B5628C62FD200EFA18C /* Debug */,
				B8D85B5728C62FD200EFA18C /* Release */,
			);
			defaultConfigurationIsVisible = 0;
			defaultConfigurationName = Release;
		};
		B8D85B5828C62FD200EFA18C /* Build configuration list for PBXNativeTarget "Consolidation_6-Country_Guide" */ = {
			isa = XCConfigurationList;
			buildConfigurations = (
				B8D85B5928C62FD200EFA18C /* Debug */,
				B8D85B5A28C62FD200EFA18C /* Release */,
			);
			defaultConfigurationIsVisible = 0;
			defaultConfigurationName = Release;
		};
/* End XCConfigurationList section */
	};
	rootObject = B8D85B3C28C62FCD00EFA18C /* Project object */;
}
